
Microsoft Visual Studio Solution File, Format Version 12.00
# Visual Studio 15
VisualStudioVersion = 15.0.28307.102
MinimumVisualStudioVersion = 10.0.40219.1
Project("{00D1A9C2-B5F0-4AF3-8072-F6C62B433612}") = "COVDatabase", "COVDatabase\COVDatabase.sqlproj", "{EFDE46C9-02DC-4F39-B4CC-B7A132F23328}"
EndProject
Project("{00D1A9C2-B5F0-4AF3-8072-F6C62B433612}") = "ConnectOV", "ConnectOV\ConnectOV.sqlproj", "{FB34B0A8-9A9E-4599-B972-C16E768453E8}"
EndProject
Global
	GlobalSection(SolutionConfigurationPlatforms) = preSolution
		Debug|Any CPU = Debug|Any CPU
		Release|Any CPU = Release|Any CPU
	EndGlobalSection
	GlobalSection(ProjectConfigurationPlatforms) = postSolution
		{EFDE46C9-02DC-4F39-B4CC-B7A132F23328}.Debug|Any CPU.ActiveCfg = Debug|Any CPU
		{EFDE46C9-02DC-4F39-B4CC-B7A132F23328}.Debug|Any CPU.Build.0 = Debug|Any CPU
		{EFDE46C9-02DC-4F39-B4CC-B7A132F23328}.Debug|Any CPU.Deploy.0 = Debug|Any CPU
		{EFDE46C9-02DC-4F39-B4CC-B7A132F23328}.Release|Any CPU.ActiveCfg = Release|Any CPU
		{EFDE46C9-02DC-4F39-B4CC-B7A132F23328}.Release|Any CPU.Build.0 = Release|Any CPU
		{EFDE46C9-02DC-4F39-B4CC-B7A132F23328}.Release|Any CPU.Deploy.0 = Release|Any CPU
		{FB34B0A8-9A9E-4599-B972-C16E768453E8}.Debug|Any CPU.ActiveCfg = Debug|Any CPU
		{FB34B0A8-9A9E-4599-B972-C16E768453E8}.Debug|Any CPU.Build.0 = Debug|Any CPU
		{FB34B0A8-9A9E-4599-B972-C16E768453E8}.Debug|Any CPU.Deploy.0 = Debug|Any CPU
		{FB34B0A8-9A9E-4599-B972-C16E768453E8}.Release|Any CPU.ActiveCfg = Release|Any CPU
		{FB34B0A8-9A9E-4599-B972-C16E768453E8}.Release|Any CPU.Build.0 = Release|Any CPU
		{FB34B0A8-9A9E-4599-B972-C16E768453E8}.Release|Any CPU.Deploy.0 = Release|Any CPU
	EndGlobalSection
	GlobalSection(SolutionProperties) = preSolution
		HideSolutionNode = FALSE
	EndGlobalSection
	GlobalSection(ExtensibilityGlobals) = postSolution
		SolutionGuid = {91F7237D-026F-418C-8C83-C3FD1BDA9A18}
	EndGlobalSection
EndGlobal
